// !$*UTF8*$!
{
	archiveVersion = 1;
	classes = {
	};
	objectVersion = 56;
	objects = {

/* Begin PBXBuildFile section */
		EF2697452C33C491008CBCEB /* GabFlowLayout.framework in Frameworks */ = {isa = PBXBuildFile; fileRef = EF26973A2C33C491008CBCEB /* GabFlowLayout.framework */; };
		EF26977B2C33C529008CBCEB /* Model.swift in Sources */ = {isa = PBXBuildFile; fileRef = EF2697772C33C529008CBCEB /* Model.swift */; };
		EF2697802C33C532008CBCEB /* GabFlowLayoutViewTests.swift in Sources */ = {isa = PBXBuildFile; fileRef = EF26977F2C33C532008CBCEB /* GabFlowLayoutViewTests.swift */; };
		EF9B4D1A2C3514C500FC85FF /* FlowLayoutView.swift in Sources */ = {isa = PBXBuildFile; fileRef = EF9B4D192C3514C500FC85FF /* FlowLayoutView.swift */; };
/* End PBXBuildFile section */

/* Begin PBXContainerItemProxy section */
		EF2697462C33C491008CBCEB /* PBXContainerItemProxy */ = {
			isa = PBXContainerItemProxy;
			containerPortal = EF2697312C33C491008CBCEB /* Project object */;
			proxyType = 1;
			remoteGlobalIDString = EF2697392C33C491008CBCEB;
			remoteInfo = GabFlowLayout;
		};
/* End PBXContainerItemProxy section */

/* Begin PBXFileReference section */
		EF26973A2C33C491008CBCEB /* GabFlowLayout.framework */ = {isa = PBXFileReference; explicitFileType = wrapper.framework; includeInIndex = 0; path = GabFlowLayout.framework; sourceTree = BUILT_PRODUCTS_DIR; };
		EF2697442C33C491008CBCEB /* GabFlowLayoutTests.xctest */ = {isa = PBXFileReference; explicitFileType = wrapper.cfbundle; includeInIndex = 0; path = GabFlowLayoutTests.xctest; sourceTree = BUILT_PRODUCTS_DIR; };
		EF2697772C33C529008CBCEB /* Model.swift */ = {isa = PBXFileReference; fileEncoding = 4; lastKnownFileType = sourcecode.swift; path = Model.swift; sourceTree = "<group>"; };
		EF26977F2C33C532008CBCEB /* GabFlowLayoutViewTests.swift */ = {isa = PBXFileReference; fileEncoding = 4; lastKnownFileType = sourcecode.swift; path = GabFlowLayoutViewTests.swift; sourceTree = "<group>"; };
		EF9B4D192C3514C500FC85FF /* FlowLayoutView.swift */ = {isa = PBXFileReference; lastKnownFileType = sourcecode.swift; path = FlowLayoutView.swift; sourceTree = "<group>"; };
/* End PBXFileReference section */

/* Begin PBXFrameworksBuildPhase section */
		EF2697372C33C491008CBCEB /* Frameworks */ = {
			isa = PBXFrameworksBuildPhase;
			buildActionMask = 2147483647;
			files = (
			);
			runOnlyForDeploymentPostprocessing = 0;
		};
		EF2697412C33C491008CBCEB /* Frameworks */ = {
			isa = PBXFrameworksBuildPhase;
			buildActionMask = 2147483647;
			files = (
				EF2697452C33C491008CBCEB /* GabFlowLayout.framework in Frameworks */,
			);
			runOnlyForDeploymentPostprocessing = 0;
		};
/* End PBXFrameworksBuildPhase section */

/* Begin PBXGroup section */
		EF2697302C33C491008CBCEB = {
			isa = PBXGroup;
			children = (
				EF2697722C33C529008CBCEB /* Sources */,
				EF26977D2C33C532008CBCEB /* Tests */,
				EF26973B2C33C491008CBCEB /* Products */,
			);
			sourceTree = "<group>";
		};
		EF26973B2C33C491008CBCEB /* Products */ = {
			isa = PBXGroup;
			children = (
				EF26973A2C33C491008CBCEB /* GabFlowLayout.framework */,
				EF2697442C33C491008CBCEB /* GabFlowLayoutTests.xctest */,
			);
			name = Products;
			sourceTree = "<group>";
		};
		EF2697722C33C529008CBCEB /* Sources */ = {
			isa = PBXGroup;
			children = (
				EF2697732C33C529008CBCEB /* GabFlowLayout */,
			);
			path = Sources;
			sourceTree = "<group>";
		};
		EF2697732C33C529008CBCEB /* GabFlowLayout */ = {
			isa = PBXGroup;
			children = (
				EF2697762C33C529008CBCEB /* Model */,
				EF2697782C33C529008CBCEB /* View */,
			);
			path = GabFlowLayout;
			sourceTree = "<group>";
		};
		EF2697762C33C529008CBCEB /* Model */ = {
			isa = PBXGroup;
			children = (
				EF2697772C33C529008CBCEB /* Model.swift */,
			);
			path = Model;
			sourceTree = "<group>";
		};
		EF2697782C33C529008CBCEB /* View */ = {
			isa = PBXGroup;
			children = (
				EF9B4D192C3514C500FC85FF /* FlowLayoutView.swift */,
			);
			path = View;
			sourceTree = "<group>";
		};
		EF26977D2C33C532008CBCEB /* Tests */ = {
			isa = PBXGroup;
			children = (
				EF26977E2C33C532008CBCEB /* GabFlowLayoutTests */,
			);
			path = Tests;
			sourceTree = "<group>";
		};
		EF26977E2C33C532008CBCEB /* GabFlowLayoutTests */ = {
			isa = PBXGroup;
			children = (
				EF26977F2C33C532008CBCEB /* GabFlowLayoutViewTests.swift */,
			);
			path = GabFlowLayoutTests;
			sourceTree = "<group>";
		};
/* End PBXGroup section */

/* Begin PBXHeadersBuildPhase section */
		EF2697352C33C491008CBCEB /* Headers */ = {
			isa = PBXHeadersBuildPhase;
			buildActionMask = 2147483647;
			files = (
			);
			runOnlyForDeploymentPostprocessing = 0;
		};
/* End PBXHeadersBuildPhase section */

/* Begin PBXNativeTarget section */
		EF2697392C33C491008CBCEB /* GabFlowLayout */ = {
			isa = PBXNativeTarget;
			buildConfigurationList = EF26974E2C33C491008CBCEB /* Build configuration list for PBXNativeTarget "GabFlowLayout" */;
			buildPhases = (
				EF2697352C33C491008CBCEB /* Headers */,
				EF2697362C33C491008CBCEB /* Sources */,
				EF2697372C33C491008CBCEB /* Frameworks */,
				EF2697382C33C491008CBCEB /* Resources */,
			);
			buildRules = (
			);
			dependencies = (
			);
			name = GabFlowLayout;
			productName = GabFlowLayout;
			productReference = EF26973A2C33C491008CBCEB /* GabFlowLayout.framework */;
			productType = "com.apple.product-type.framework";
		};
		EF2697432C33C491008CBCEB /* GabFlowLayoutTests */ = {
			isa = PBXNativeTarget;
			buildConfigurationList = EF2697512C33C491008CBCEB /* Build configuration list for PBXNativeTarget "GabFlowLayoutTests" */;
			buildPhases = (
				EF2697402C33C491008CBCEB /* Sources */,
				EF2697412C33C491008CBCEB /* Frameworks */,
				EF2697422C33C491008CBCEB /* Resources */,
			);
			buildRules = (
			);
			dependencies = (
				EF2697472C33C491008CBCEB /* PBXTargetDependency */,
			);
			name = GabFlowLayoutTests;
			productName = GabFlowLayoutTests;
			productReference = EF2697442C33C491008CBCEB /* GabFlowLayoutTests.xctest */;
			productType = "com.apple.product-type.bundle.unit-test";
		};
/* End PBXNativeTarget section */

/* Begin PBXProject section */
		EF2697312C33C491008CBCEB /* Project object */ = {
			isa = PBXProject;
			attributes = {
				BuildIndependentTargetsInParallel = 1;
				LastSwiftUpdateCheck = 1520;
				LastUpgradeCheck = 1520;
				TargetAttributes = {
					EF2697392C33C491008CBCEB = {
						CreatedOnToolsVersion = 15.2;
					};
					EF2697432C33C491008CBCEB = {
						CreatedOnToolsVersion = 15.2;
					};
				};
			};
			buildConfigurationList = EF2697342C33C491008CBCEB /* Build configuration list for PBXProject "GabFlowLayout" */;
			compatibilityVersion = "Xcode 14.0";
			developmentRegion = en;
			hasScannedForEncodings = 0;
			knownRegions = (
				en,
				Base,
			);
			mainGroup = EF2697302C33C491008CBCEB;
			productRefGroup = EF26973B2C33C491008CBCEB /* Products */;
			projectDirPath = "";
			projectRoot = "";
			targets = (
				EF2697392C33C491008CBCEB /* GabFlowLayout */,
				EF2697432C33C491008CBCEB /* GabFlowLayoutTests */,
			);
		};
/* End PBXProject section */

/* Begin PBXResourcesBuildPhase section */
		EF2697382C33C491008CBCEB /* Resources */ = {
			isa = PBXResourcesBuildPhase;
			buildActionMask = 2147483647;
			files = (
			);
			runOnlyForDeploymentPostprocessing = 0;
		};
		EF2697422C33C491008CBCEB /* Resources */ = {
			isa = PBXResourcesBuildPhase;
			buildActionMask = 2147483647;
			files = (
			);
			runOnlyForDeploymentPostprocessing = 0;
		};
/* End PBXResourcesBuildPhase section */

/* Begin PBXSourcesBuildPhase section */
		EF2697362C33C491008CBCEB /* Sources */ = {
			isa = PBXSourcesBuildPhase;
			buildActionMask = 2147483647;
			files = (
				EF9B4D1A2C3514C500FC85FF /* FlowLayoutView.swift in Sources */,
				EF26977B2C33C529008CBCEB /* Model.swift in Sources */,
			);
			runOnlyForDeploymentPostprocessing = 0;
		};
		EF2697402C33C491008CBCEB /* Sources */ = {
			isa = PBXSourcesBuildPhase;
			buildActionMask = 2147483647;
			files = (
				EF2697802C33C532008CBCEB /* GabFlowLayoutViewTests.swift in Sources */,
			);
			runOnlyForDeploymentPostprocessing = 0;
		};
/* End PBXSourcesBuildPhase section */

/* Begin PBXTargetDependency section */
		EF2697472C33C491008CBCEB /* PBXTargetDependency */ = {
			isa = PBXTargetDependency;
			target = EF2697392C33C491008CBCEB /* GabFlowLayout */;
			targetProxy = EF2697462C33C491008CBCEB /* PBXContainerItemProxy */;
		};
/* End PBXTargetDependency section */

/* Begin XCBuildConfiguration section */
		EF26974C2C33C491008CBCEB /* Debug */ = {
			isa = XCBuildConfiguration;
			buildSettings = {
				ALWAYS_SEARCH_USER_PATHS = NO;
				ASSETCATALOG_COMPILER_GENERATE_SWIFT_ASSET_SYMBOL_EXTENSIONS = YES;
				CLANG_ANALYZER_NONNULL = YES;
				CLANG_ANALYZER_NUMBER_OBJECT_CONVERSION = YES_AGGRESSIVE;
				CLANG_CXX_LANGUAGE_STANDARD = "gnu++20";
				CLANG_ENABLE_MODULES = YES;
				CLANG_ENABLE_OBJC_ARC = YES;
				CLANG_ENABLE_OBJC_WEAK = YES;
				CLANG_WARN_BLOCK_CAPTURE_AUTORELEASING = YES;
				CLANG_WARN_BOOL_CONVERSION = YES;
				CLANG_WARN_COMMA = YES;
				CLANG_WARN_CONSTANT_CONVERSION = YES;
				CLANG_WARN_DEPRECATED_OBJC_IMPLEMENTATIONS = YES;
				CLANG_WARN_DIRECT_OBJC_ISA_USAGE = YES_ERROR;
				CLANG_WARN_DOCUMENTATION_COMMENTS = YES;
				CLANG_WARN_EMPTY_BODY = YES;
				CLANG_WARN_ENUM_CONVERSION = YES;
				CLANG_WARN_INFINITE_RECURSION = YES;
				CLANG_WARN_INT_CONVERSION = YES;
				CLANG_WARN_NON_LITERAL_NULL_CONVERSION = YES;
				CLANG_WARN_OBJC_IMPLICIT_RETAIN_SELF = YES;
				CLANG_WARN_OBJC_LITERAL_CONVERSION = YES;
				CLANG_WARN_OBJC_ROOT_CLASS = YES_ERROR;
				CLANG_WARN_QUOTED_INCLUDE_IN_FRAMEWORK_HEADER = YES;
				CLANG_WARN_RANGE_LOOP_ANALYSIS = YES;
				CLANG_WARN_STRICT_PROTOTYPES = YES;
				CLANG_WARN_SUSPICIOUS_MOVE = YES;
				CLANG_WARN_UNGUARDED_AVAILABILITY = YES_AGGRESSIVE;
				CLANG_WARN_UNREACHABLE_CODE = YES;
				CLANG_WARN__DUPLICATE_METHOD_MATCH = YES;
				COPY_PHASE_STRIP = NO;
				CURRENT_PROJECT_VERSION = 1;
				DEBUG_INFORMATION_FORMAT = dwarf;
				ENABLE_STRICT_OBJC_MSGSEND = YES;
				ENABLE_TESTABILITY = YES;
				ENABLE_USER_SCRIPT_SANDBOXING = YES;
				GCC_C_LANGUAGE_STANDARD = gnu17;
				GCC_DYNAMIC_NO_PIC = NO;
				GCC_NO_COMMON_BLOCKS = YES;
				GCC_OPTIMIZATION_LEVEL = 0;
				GCC_PREPROCESSOR_DEFINITIONS = (
					"DEBUG=1",
					"$(inherited)",
				);
				GCC_WARN_64_TO_32_BIT_CONVERSION = YES;
				GCC_WARN_ABOUT_RETURN_TYPE = YES_ERROR;
				GCC_WARN_UNDECLARED_SELECTOR = YES;
				GCC_WARN_UNINITIALIZED_AUTOS = YES_AGGRESSIVE;
				GCC_WARN_UNUSED_FUNCTION = YES;
				GCC_WARN_UNUSED_VARIABLE = YES;
				IPHONEOS_DEPLOYMENT_TARGET = 14.0;
				LOCALIZATION_PREFERS_STRING_CATALOGS = YES;
				MTL_ENABLE_DEBUG_INFO = INCLUDE_SOURCE;
				MTL_FAST_MATH = YES;
				ONLY_ACTIVE_ARCH = YES;
				SDKROOT = iphoneos;
				SWIFT_ACTIVE_COMPILATION_CONDITIONS = "DEBUG $(inherited)";
				SWIFT_OPTIMIZATION_LEVEL = "-Onone";
				VERSIONING_SYSTEM = "apple-generic";
				VERSION_INFO_PREFIX = "";
			};
			name = Debug;
		};
		EF26974D2C33C491008CBCEB /* Release */ = {
			isa = XCBuildConfiguration;
			buildSettings = {
				ALWAYS_SEARCH_USER_PATHS = NO;
				ASSETCATALOG_COMPILER_GENERATE_SWIFT_ASSET_SYMBOL_EXTENSIONS = YES;
				CLANG_ANALYZER_NONNULL = YES;
				CLANG_ANALYZER_NUMBER_OBJECT_CONVERSION = YES_AGGRESSIVE;
				CLANG_CXX_LANGUAGE_STANDARD = "gnu++20";
				CLANG_ENABLE_MODULES = YES;
				CLANG_ENABLE_OBJC_ARC = YES;
				CLANG_ENABLE_OBJC_WEAK = YES;
				CLANG_WARN_BLOCK_CAPTURE_AUTORELEASING = YES;
				CLANG_WARN_BOOL_CONVERSION = YES;
				CLANG_WARN_COMMA = YES;
				CLANG_WARN_CONSTANT_CONVERSION = YES;
				CLANG_WARN_DEPRECATED_OBJC_IMPLEMENTATIONS = YES;
				CLANG_WARN_DIRECT_OBJC_ISA_USAGE = YES_ERROR;
				CLANG_WARN_DOCUMENTATION_COMMENTS = YES;
				CLANG_WARN_EMPTY_BODY = YES;
				CLANG_WARN_ENUM_CONVERSION = YES;
				CLANG_WARN_INFINITE_RECURSION = YES;
				CLANG_WARN_INT_CONVERSION = YES;
				CLANG_WARN_NON_LITERAL_NULL_CONVERSION = YES;
				CLANG_WARN_OBJC_IMPLICIT_RETAIN_SELF = YES;
				CLANG_WARN_OBJC_LITERAL_CONVERSION = YES;
				CLANG_WARN_OBJC_ROOT_CLASS = YES_ERROR;
				CLANG_WARN_QUOTED_INCLUDE_IN_FRAMEWORK_HEADER = YES;
				CLANG_WARN_RANGE_LOOP_ANALYSIS = YES;
				CLANG_WARN_STRICT_PROTOTYPES = YES;
				CLANG_WARN_SUSPICIOUS_MOVE = YES;
				CLANG_WARN_UNGUARDED_AVAILABILITY = YES_AGGRESSIVE;
				CLANG_WARN_UNREACHABLE_CODE = YES;
				CLANG_WARN__DUPLICATE_METHOD_MATCH = YES;
				COPY_PHASE_STRIP = NO;
				CURRENT_PROJECT_VERSION = 1;
				DEBUG_INFORMATION_FORMAT = "dwarf-with-dsym";
				ENABLE_NS_ASSERTIONS = NO;
				ENABLE_STRICT_OBJC_MSGSEND = YES;
				ENABLE_USER_SCRIPT_SANDBOXING = YES;
				GCC_C_LANGUAGE_STANDARD = gnu17;
				GCC_NO_COMMON_BLOCKS = YES;
				GCC_WARN_64_TO_32_BIT_CONVERSION = YES;
				GCC_WARN_ABOUT_RETURN_TYPE = YES_ERROR;
				GCC_WARN_UNDECLARED_SELECTOR = YES;
				GCC_WARN_UNINITIALIZED_AUTOS = YES_AGGRESSIVE;
				GCC_WARN_UNUSED_FUNCTION = YES;
				GCC_WARN_UNUSED_VARIABLE = YES;
				IPHONEOS_DEPLOYMENT_TARGET = 14.0;
				LOCALIZATION_PREFERS_STRING_CATALOGS = YES;
				MTL_ENABLE_DEBUG_INFO = NO;
				MTL_FAST_MATH = YES;
				SDKROOT = iphoneos;
				SWIFT_COMPILATION_MODE = wholemodule;
				VALIDATE_PRODUCT = YES;
				VERSIONING_SYSTEM = "apple-generic";
				VERSION_INFO_PREFIX = "";
			};
			name = Release;
		};
		EF26974F2C33C491008CBCEB /* Debug */ = {
			isa = XCBuildConfiguration;
			buildSettings = {
				CODE_SIGN_STYLE = Automatic;
				CURRENT_PROJECT_VERSION = 1;
				DEFINES_MODULE = YES;
				DEVELOPMENT_TEAM = JA868URLCA;
				DYLIB_COMPATIBILITY_VERSION = 1;
				DYLIB_CURRENT_VERSION = 1;
				DYLIB_INSTALL_NAME_BASE = "@rpath";
				ENABLE_MODULE_VERIFIER = YES;
				GENERATE_INFOPLIST_FILE = YES;
				INFOPLIST_KEY_NSHumanReadableCopyright = "";
				INSTALL_PATH = "$(LOCAL_LIBRARY_DIR)/Frameworks";
				LD_RUNPATH_SEARCH_PATHS = (
					"$(inherited)",
					"@executable_path/Frameworks",
					"@loader_path/Frameworks",
				);
				MARKETING_VERSION = 1.0;
				MODULE_VERIFIER_SUPPORTED_LANGUAGES = "objective-c objective-c++";
				MODULE_VERIFIER_SUPPORTED_LANGUAGE_STANDARDS = "gnu17 gnu++20";
				PRODUCT_BUNDLE_IDENTIFIER = com.SimSangGab.GabFlowLayout;
				PRODUCT_NAME = "$(TARGET_NAME:c99extidentifier)";
				SKIP_INSTALL = YES;
				SWIFT_EMIT_LOC_STRINGS = YES;
				SWIFT_VERSION = 5.0;
				TARGETED_DEVICE_FAMILY = "1,2";
			};
			name = Debug;
		};
		EF2697502C33C491008CBCEB /* Release */ = {
			isa = XCBuildConfiguration;
			buildSettings = {
				CODE_SIGN_STYLE = Automatic;
				CURRENT_PROJECT_VERSION = 1;
				DEFINES_MODULE = YES;
				DEVELOPMENT_TEAM = JA868URLCA;
				DYLIB_COMPATIBILITY_VERSION = 1;
				DYLIB_CURRENT_VERSION = 1;
				DYLIB_INSTALL_NAME_BASE = "@rpath";
				ENABLE_MODULE_VERIFIER = YES;
				GENERATE_INFOPLIST_FILE = YES;
				INFOPLIST_KEY_NSHumanReadableCopyright = "";
				INSTALL_PATH = "$(LOCAL_LIBRARY_DIR)/Frameworks";
				LD_RUNPATH_SEARCH_PATHS = (
					"$(inherited)",
					"@executable_path/Frameworks",
					"@loader_path/Frameworks",
				);
				MARKETING_VERSION = 1.0;
				MODULE_VERIFIER_SUPPORTED_LANGUAGES = "objective-c objective-c++";
				MODULE_VERIFIER_SUPPORTED_LANGUAGE_STANDARDS = "gnu17 gnu++20";
				PRODUCT_BUNDLE_IDENTIFIER = com.SimSangGab.GabFlowLayout;
				PRODUCT_NAME = "$(TARGET_NAME:c99extidentifier)";
				SKIP_INSTALL = YES;
				SWIFT_EMIT_LOC_STRINGS = YES;
				SWIFT_VERSION = 5.0;
				TARGETED_DEVICE_FAMILY = "1,2";
			};
			name = Release;
		};
		EF2697522C33C491008CBCEB /* Debug */ = {
			isa = XCBuildConfiguration;
			buildSettings = {
				ALWAYS_EMBED_SWIFT_STANDARD_LIBRARIES = YES;
				CODE_SIGN_STYLE = Automatic;
				CURRENT_PROJECT_VERSION = 1;
				DEVELOPMENT_TEAM = JA868URLCA;
				GENERATE_INFOPLIST_FILE = YES;
				MARKETING_VERSION = 1.0;
				PRODUCT_BUNDLE_IDENTIFIER = com.SimSangGab.GabFlowLayoutTests;
				PRODUCT_NAME = "$(TARGET_NAME)";
				SWIFT_EMIT_LOC_STRINGS = NO;
				SWIFT_VERSION = 5.0;
				TARGETED_DEVICE_FAMILY = "1,2";
			};
			name = Debug;
		};
		EF2697532C33C491008CBCEB /* Release */ = {
			isa = XCBuildConfiguration;
			buildSettings = {
				ALWAYS_EMBED_SWIFT_STANDARD_LIBRARIES = YES;
				CODE_SIGN_STYLE = Automatic;
				CURRENT_PROJECT_VERSION = 1;
				DEVELOPMENT_TEAM = JA868URLCA;
				GENERATE_INFOPLIST_FILE = YES;
				MARKETING_VERSION = 1.0;
				PRODUCT_BUNDLE_IDENTIFIER = com.SimSangGab.GabFlowLayoutTests;
				PRODUCT_NAME = "$(TARGET_NAME)";
				SWIFT_EMIT_LOC_STRINGS = NO;
				SWIFT_VERSION = 5.0;
				TARGETED_DEVICE_FAMILY = "1,2";
			};
			name = Release;
		};
/* End XCBuildConfiguration section */

/* Begin XCConfigurationList section */
		EF2697342C33C491008CBCEB /* Build configuration list for PBXProject "GabFlowLayout" */ = {
			isa = XCConfigurationList;
			buildConfigurations = (
				EF26974C2C33C491008CBCEB /* Debug */,
				EF26974D2C33C491008CBCEB /* Release */,
			);
			defaultConfigurationIsVisible = 0;
			defaultConfigurationName = Release;
		};
		EF26974E2C33C491008CBCEB /* Build configuration list for PBXNativeTarget "GabFlowLayout" */ = {
			isa = XCConfigurationList;
			buildConfigurations = (
				EF26974F2C33C491008CBCEB /* Debug */,
				EF2697502C33C491008CBCEB /* Release */,
			);
			defaultConfigurationIsVisible = 0;
			defaultConfigurationName = Release;
		};
		EF2697512C33C491008CBCEB /* Build configuration list for PBXNativeTarget "GabFlowLayoutTests" */ = {
			isa = XCConfigurationList;
			buildConfigurations = (
				EF2697522C33C491008CBCEB /* Debug */,
				EF2697532C33C491008CBCEB /* Release */,
			);
			defaultConfigurationIsVisible = 0;
			defaultConfigurationName = Release;
		};
/* End XCConfigurationList section */
	};
	rootObject = EF2697312C33C491008CBCEB /* Project object */;
}
